
Microsoft Visual Studio Solution File, Format Version 12.00
# Visual Studio Version 16
VisualStudioVersion = 16.0.31105.61
MinimumVisualStudioVersion = 10.0.40219.1
Project("{FAE04EC0-301F-11D3-BF4B-00C04F79EFBC}") = "ReadJitsiRecordings", "ReadJitsiRecordings\ReadJitsiRecordings.csproj", "{4943BEF6-F99C-42A2-BE51-71B3C66EE407}"
EndProject
Global
	GlobalSection(SolutionConfigurationPlatforms) = preSolution
		Debug|Any CPU = Debug|Any CPU
		Release|Any CPU = Release|Any CPU
	EndGlobalSection
	GlobalSection(ProjectConfigurationPlatforms) = postSolution
		{4943BEF6-F99C-42A2-BE51-71B3C66EE407}.Debug|Any CPU.ActiveCfg = Debug|Any CPU
		{4943BEF6-F99C-42A2-BE51-71B3C66EE407}.Debug|Any CPU.Build.0 = Debug|Any CPU
		{4943BEF6-F99C-42A2-BE51-71B3C66EE407}.Release|Any CPU.ActiveCfg = Release|Any CPU
		{4943BEF6-F99C-42A2-BE51-71B3C66EE407}.Release|Any CPU.Build.0 = Release|Any CPU
	EndGlobalSection
	GlobalSection(SolutionProperties) = preSolution
		HideSolutionNode = FALSE
	EndGlobalSection
	GlobalSection(ExtensibilityGlobals) = postSolution
		SolutionGuid = {1B4BC0DC-4900-401A-A59A-07175E714190}
	EndGlobalSection
EndGlobal
